
Microsoft Visual Studio Solution File, Format Version 12.00
# Visual Studio Version 17
VisualStudioVersion = 17.3.32825.248
MinimumVisualStudioVersion = 10.0.40219.1
Project("{FAE04EC0-301F-11D3-BF4B-00C04F79EFBC}") = "SOLID-OCP", "SOLID-PRINCEPLE\SOLID-OCP.csproj", "{E7C01BB4-8077-410E-904B-C379C962B82D}"
EndProject
Project("{FAE04EC0-301F-11D3-BF4B-00C04F79EFBC}") = "SOLID-SRP", "SRP\SOLID-SRP.csproj", "{2CD4E2F8-7BAC-45D9-9E6D-A0D7C4FF9BC8}"
EndProject
Project("{FAE04EC0-301F-11D3-BF4B-00C04F79EFBC}") = "ISP", "ISP\ISP.csproj", "{A3913F56-DC54-4F54-9EA6-9FFDABAFAA44}"
EndProject
Project("{FAE04EC0-301F-11D3-BF4B-00C04F79EFBC}") = "DIP", "DIP\DIP.csproj", "{C4942FF0-8C64-42C4-96F4-F82FC75D1002}"
EndProject
Global
	GlobalSection(SolutionConfigurationPlatforms) = preSolution
		Debug|Any CPU = Debug|Any CPU
		Release|Any CPU = Release|Any CPU
	EndGlobalSection
	GlobalSection(ProjectConfigurationPlatforms) = postSolution
		{E7C01BB4-8077-410E-904B-C379C962B82D}.Debug|Any CPU.ActiveCfg = Debug|Any CPU
		{E7C01BB4-8077-410E-904B-C379C962B82D}.Debug|Any CPU.Build.0 = Debug|Any CPU
		{E7C01BB4-8077-410E-904B-C379C962B82D}.Release|Any CPU.ActiveCfg = Release|Any CPU
		{E7C01BB4-8077-410E-904B-C379C962B82D}.Release|Any CPU.Build.0 = Release|Any CPU
		{2CD4E2F8-7BAC-45D9-9E6D-A0D7C4FF9BC8}.Debug|Any CPU.ActiveCfg = Debug|Any CPU
		{2CD4E2F8-7BAC-45D9-9E6D-A0D7C4FF9BC8}.Debug|Any CPU.Build.0 = Debug|Any CPU
		{2CD4E2F8-7BAC-45D9-9E6D-A0D7C4FF9BC8}.Release|Any CPU.ActiveCfg = Release|Any CPU
		{2CD4E2F8-7BAC-45D9-9E6D-A0D7C4FF9BC8}.Release|Any CPU.Build.0 = Release|Any CPU
		{A3913F56-DC54-4F54-9EA6-9FFDABAFAA44}.Debug|Any CPU.ActiveCfg = Debug|Any CPU
		{A3913F56-DC54-4F54-9EA6-9FFDABAFAA44}.Debug|Any CPU.Build.0 = Debug|Any CPU
		{A3913F56-DC54-4F54-9EA6-9FFDABAFAA44}.Release|Any CPU.ActiveCfg = Release|Any CPU
		{A3913F56-DC54-4F54-9EA6-9FFDABAFAA44}.Release|Any CPU.Build.0 = Release|Any CPU
		{C4942FF0-8C64-42C4-96F4-F82FC75D1002}.Debug|Any CPU.ActiveCfg = Debug|Any CPU
		{C4942FF0-8C64-42C4-96F4-F82FC75D1002}.Debug|Any CPU.Build.0 = Debug|Any CPU
		{C4942FF0-8C64-42C4-96F4-F82FC75D1002}.Release|Any CPU.ActiveCfg = Release|Any CPU
		{C4942FF0-8C64-42C4-96F4-F82FC75D1002}.Release|Any CPU.Build.0 = Release|Any CPU
	EndGlobalSection
	GlobalSection(SolutionProperties) = preSolution
		HideSolutionNode = FALSE
	EndGlobalSection
	GlobalSection(ExtensibilityGlobals) = postSolution
		SolutionGuid = {1C6C9580-A5C2-4ABC-99F9-5844EDD1502D}
	EndGlobalSection
EndGlobal
